<?xml version="1.0" encoding="utf-8"?>
<Project ToolsVersion="4.0" xmlns="http://schemas.microsoft.com/developer/msbuild/2003">
  <ItemGroup>
    <Filter Include="소스 파일">
      <UniqueIdentifier>{4FC737F1-C7A5-4376-A066-2A32D752A2FF}</UniqueIdentifier>
      <Extensions>cpp;c;cc;cxx;c++;cppm;ixx;def;odl;idl;hpj;bat;asm;asmx</Extensions>
    </Filter>
    <Filter Include="헤더 파일">
      <UniqueIdentifier>{93995380-89BD-4b04-88EB-625FBE52EBFB}</UniqueIdentifier>
      <Extensions>h;hh;hpp;hxx;h++;hm;inl;inc;ipp;xsd</Extensions>
    </Filter>
    <Filter Include="리소스 파일">
      <UniqueIdentifier>{67DA6AB6-F800-4c08-8B7A-83BB121AAD01}</UniqueIdentifier>
      <Extensions>rc;ico;cur;bmp;dlg;rc2;rct;bin;rgs;gif;jpg;jpeg;jpe;resx;tiff;tif;png;wav;mfcribbon-ms</Extensions>
    </Filter>
    <Filter Include="소스 파일\99. Manager">
      <UniqueIdentifier>{01b554cc-5e67-42ef-92da-ba358e91405e}</UniqueIdentifier>
    </Filter>
    <Filter Include="소스 파일\99. Manager\SceneManager">
      <UniqueIdentifier>{f23ac94c-52d6-407a-8d1f-15ad733324c1}</UniqueIdentifier>
    </Filter>
    <Filter Include="헤더 파일\include">
      <UniqueIdentifier>{582eddd2-6588-41ba-bcac-bd4f5f1a8c47}</UniqueIdentifier>
    </Filter>
    <Filter Include="소스 파일\99. Manager\InputManager">
      <UniqueIdentifier>{4954e1b0-a81c-4571-b042-53a841776d02}</UniqueIdentifier>
    </Filter>
    <Filter Include="소스 파일\00. MainUpdate">
      <UniqueIdentifier>{6fd2b630-0fed-453b-b4b9-4066f86626d7}</UniqueIdentifier>
    </Filter>
    <Filter Include="소스 파일\01. Scene">
      <UniqueIdentifier>{69929a46-620e-4388-a484-b4f3f9597307}</UniqueIdentifier>
    </Filter>
    <Filter Include="소스 파일\01. Scene\Logo">
      <UniqueIdentifier>{e43b03fc-86ec-4bdd-9230-69fe2cf09491}</UniqueIdentifier>
    </Filter>
    <Filter Include="소스 파일\01. Scene\Menu">
      <UniqueIdentifier>{bd55c56b-25be-44bc-b0cf-25facaeb56ac}</UniqueIdentifier>
    </Filter>
    <Filter Include="소스 파일\01. Scene\Stage">
      <UniqueIdentifier>{3e32290b-898e-4544-88bd-29fccd0eef1f}</UniqueIdentifier>
    </Filter>
    <Filter Include="소스 파일\02. Object">
      <UniqueIdentifier>{551f9d14-0e8c-416e-b8ed-fee1317db2bf}</UniqueIdentifier>
    </Filter>
    <Filter Include="소스 파일\02. Object\Player">
      <UniqueIdentifier>{672385a0-5d7e-4873-b5b2-4611c1e30e01}</UniqueIdentifier>
    </Filter>
    <Filter Include="소스 파일\02. Object\Enemy">
      <UniqueIdentifier>{fe2abbae-c7ef-486c-8317-49faa2de7b6a}</UniqueIdentifier>
    </Filter>
    <Filter Include="소스 파일\99. Manager\ObjectManager">
      <UniqueIdentifier>{c671b5ac-9ffd-4056-bce0-55d74d209315}</UniqueIdentifier>
    </Filter>
    <Filter Include="소스 파일\02. Object\Bullet">
      <UniqueIdentifier>{f95e8b6e-a574-424e-8514-b4c1ca78d9bd}</UniqueIdentifier>
    </Filter>
    <Filter Include="소스 파일\99. Manager\CollisionManager">
      <UniqueIdentifier>{7e9d1189-3ace-4306-9cf3-595c23467ca2}</UniqueIdentifier>
    </Filter>
    <Filter Include="소스 파일\99. Manager\ObjectFactory">
      <UniqueIdentifier>{83cbc7a8-1028-4289-a956-b209e99537a7}</UniqueIdentifier>
    </Filter>
    <Filter Include="소스 파일\02. Object\Cloud">
      <UniqueIdentifier>{da25eb7a-46a0-45b1-ad4d-3eb87d00a622}</UniqueIdentifier>
    </Filter>
    <Filter Include="소스 파일\02. Object\BackGround">
      <UniqueIdentifier>{57fee578-aa61-4c61-ae36-3dc702eb9a86}</UniqueIdentifier>
    </Filter>
    <Filter Include="소스 파일\99. Manager\MathManager">
      <UniqueIdentifier>{2a6225bc-df93-4e94-956c-4ccf9b09bf77}</UniqueIdentifier>
    </Filter>
    <Filter Include="소스 파일\03. UserInterface">
      <UniqueIdentifier>{8c8ce1c9-a5c4-4abb-858d-12f9b649942d}</UniqueIdentifier>
    </Filter>
    <Filter Include="소스 파일\03. UserInterface\ScrollBox">
      <UniqueIdentifier>{2ad7de64-795a-4d0a-9030-c88d541d989c}</UniqueIdentifier>
    </Filter>
    <Filter Include="소스 파일\99. Manager\CursorManager">
      <UniqueIdentifier>{f643c8e4-4147-436a-8b9d-526abb45dd45}</UniqueIdentifier>
    </Filter>
    <Filter Include="소스 파일\98. Pattern">
      <UniqueIdentifier>{e4d387a8-de46-4c90-9b43-482e13164424}</UniqueIdentifier>
    </Filter>
    <Filter Include="소스 파일\98. Pattern\ObjectPool">
      <UniqueIdentifier>{4ed7edb8-48c0-4040-b833-e91e848deddc}</UniqueIdentifier>
    </Filter>
    <Filter Include="소스 파일\98. Pattern\Prototype">
      <UniqueIdentifier>{b59e1649-2c96-450b-8077-bc1917ef3d97}</UniqueIdentifier>
    </Filter>
    <Filter Include="소스 파일\98. Pattern\Bridge">
      <UniqueIdentifier>{5df958b1-c743-4d4f-bf22-b60822f067b1}</UniqueIdentifier>
    </Filter>
    <Filter Include="소스 파일\02. Object\Bullet\BulletBridge">
      <UniqueIdentifier>{cfbc36ef-72a8-4cd8-9841-0e1c59d56027}</UniqueIdentifier>
    </Filter>
    <Filter Include="소스 파일\02. Object\Bullet\BulletBridge\NormalBullet">
      <UniqueIdentifier>{29fc851d-c447-4f80-bab8-c63b1f7cd45e}</UniqueIdentifier>
    </Filter>
    <Filter Include="소스 파일\02. Object\Bullet\BulletBridge\TwinBullet">
      <UniqueIdentifier>{15cd97ff-8f7e-43b4-b2d3-a3c61453087e}</UniqueIdentifier>
    </Filter>
    <Filter Include="소스 파일\01. Scene\StageUI">
      <UniqueIdentifier>{45b2f956-f16c-422e-80b7-26a854a45904}</UniqueIdentifier>
    </Filter>
    <Filter Include="소스 파일\01. Scene\Manual">
      <UniqueIdentifier>{e758ea49-5de2-409f-b3b4-1af8f68f31ee}</UniqueIdentifier>
    </Filter>
    <Filter Include="소스 파일\02. Object\EnemyBullet">
      <UniqueIdentifier>{5fb2978a-6f05-490f-af7f-f193161ddfa8}</UniqueIdentifier>
    </Filter>
  </ItemGroup>
  <ItemGroup>
    <ClCompile Include="main.cpp">
      <Filter>소스 파일</Filter>
    </ClCompile>
    <ClCompile Include="MainUpdate.cpp">
      <Filter>소스 파일\00. MainUpdate</Filter>
    </ClCompile>
    <ClCompile Include="SceneManager.cpp">
      <Filter>소스 파일\99. Manager\SceneManager</Filter>
    </ClCompile>
    <ClCompile Include="InputManager.cpp">
      <Filter>소스 파일\99. Manager\InputManager</Filter>
    </ClCompile>
    <ClCompile Include="Logo.cpp">
      <Filter>소스 파일\01. Scene\Logo</Filter>
    </ClCompile>
    <ClCompile Include="Menu.cpp">
      <Filter>소스 파일\01. Scene\Menu</Filter>
    </ClCompile>
    <ClCompile Include="Stage.cpp">
      <Filter>소스 파일\01. Scene\Stage</Filter>
    </ClCompile>
    <ClCompile Include="Scene.cpp">
      <Filter>소스 파일\01. Scene</Filter>
    </ClCompile>
    <ClCompile Include="Object.cpp">
      <Filter>소스 파일\02. Object</Filter>
    </ClCompile>
    <ClCompile Include="Player.cpp">
      <Filter>소스 파일\02. Object\Player</Filter>
    </ClCompile>
    <ClCompile Include="Enemy.cpp">
      <Filter>소스 파일\02. Object\Enemy</Filter>
    </ClCompile>
    <ClCompile Include="ObjectManager.cpp">
      <Filter>소스 파일\99. Manager\ObjectManager</Filter>
    </ClCompile>
    <ClCompile Include="Bullet.cpp">
      <Filter>소스 파일\02. Object\Bullet</Filter>
    </ClCompile>
    <ClCompile Include="UserInterface.cpp">
      <Filter>소스 파일\03. UserInterface</Filter>
    </ClCompile>
    <ClCompile Include="ScrollBox.cpp">
      <Filter>소스 파일\03. UserInterface\ScrollBox</Filter>
    </ClCompile>
    <ClCompile Include="Cloud.cpp">
      <Filter>소스 파일\02. Object\Cloud</Filter>
    </ClCompile>
    <ClCompile Include="BackGround.cpp">
      <Filter>소스 파일\02. Object\BackGround</Filter>
    </ClCompile>
    <ClCompile Include="CursorManager.cpp">
      <Filter>소스 파일\99. Manager\CursorManager</Filter>
    </ClCompile>
    <ClCompile Include="ObjectPool.cpp">
      <Filter>소스 파일\98. Pattern\ObjectPool</Filter>
    </ClCompile>
    <ClCompile Include="Prototype.cpp">
      <Filter>소스 파일\98. Pattern\Prototype</Filter>
    </ClCompile>
    <ClCompile Include="NormalBullet.cpp">
      <Filter>소스 파일\02. Object\Bullet\BulletBridge\NormalBullet</Filter>
    </ClCompile>
    <ClCompile Include="TwinBullet.cpp">
      <Filter>소스 파일\02. Object\Bullet\BulletBridge\TwinBullet</Filter>
    </ClCompile>
    <ClCompile Include="StageUI.cpp">
      <Filter>소스 파일\01. Scene\StageUI</Filter>
    </ClCompile>
    <ClCompile Include="Manual.cpp">
      <Filter>소스 파일\01. Scene\Manual</Filter>
    </ClCompile>
    <ClCompile Include="EnemyBullet.cpp">
      <Filter>소스 파일\02. Object\EnemyBullet</Filter>
    </ClCompile>
  </ItemGroup>
  <ItemGroup>
    <ClInclude Include="Headers.h">
      <Filter>헤더 파일</Filter>
    </ClInclude>
    <ClInclude Include="MainUpdate.h">
      <Filter>소스 파일\00. MainUpdate</Filter>
    </ClInclude>
    <ClInclude Include="SceneManager.h">
      <Filter>소스 파일\99. Manager\SceneManager</Filter>
    </ClInclude>
    <ClInclude Include="Enum.h">
      <Filter>헤더 파일\include</Filter>
    </ClInclude>
    <ClInclude Include="Constant.h">
      <Filter>헤더 파일\include</Filter>
    </ClInclude>
    <ClInclude Include="InputManager.h">
      <Filter>소스 파일\99. Manager\InputManager</Filter>
    </ClInclude>
    <ClInclude Include="Logo.h">
      <Filter>소스 파일\01. Scene\Logo</Filter>
    </ClInclude>
    <ClInclude Include="Menu.h">
      <Filter>소스 파일\01. Scene\Menu</Filter>
    </ClInclude>
    <ClInclude Include="Stage.h">
      <Filter>소스 파일\01. Scene\Stage</Filter>
    </ClInclude>
    <ClInclude Include="Scene.h">
      <Filter>소스 파일\01. Scene</Filter>
    </ClInclude>
    <ClInclude Include="Define.h">
      <Filter>헤더 파일\include</Filter>
    </ClInclude>
    <ClInclude Include="Object.h">
      <Filter>소스 파일\02. Object</Filter>
    </ClInclude>
    <ClInclude Include="Player.h">
      <Filter>소스 파일\02. Object\Player</Filter>
    </ClInclude>
    <ClInclude Include="Enemy.h">
      <Filter>소스 파일\02. Object\Enemy</Filter>
    </ClInclude>
    <ClInclude Include="ObjectManager.h">
      <Filter>소스 파일\99. Manager\ObjectManager</Filter>
    </ClInclude>
    <ClInclude Include="Struct.h">
      <Filter>헤더 파일\include</Filter>
    </ClInclude>
    <ClInclude Include="CursorManager.h">
      <Filter>소스 파일\99. Manager\CursorManager</Filter>
    </ClInclude>
    <ClInclude Include="Bullet.h">
      <Filter>소스 파일\02. Object\Bullet</Filter>
    </ClInclude>
    <ClInclude Include="CollisionManager.h">
      <Filter>소스 파일\99. Manager\CollisionManager</Filter>
    </ClInclude>
    <ClInclude Include="ObjectFactory.h">
      <Filter>소스 파일\99. Manager\ObjectFactory</Filter>
    </ClInclude>
    <ClInclude Include="UserInterface.h">
      <Filter>소스 파일\03. UserInterface</Filter>
    </ClInclude>
    <ClInclude Include="ScrollBox.h">
      <Filter>소스 파일\03. UserInterface\ScrollBox</Filter>
    </ClInclude>
    <ClInclude Include="Cloud.h">
      <Filter>소스 파일\02. Object\Cloud</Filter>
    </ClInclude>
    <ClInclude Include="BackGround.h">
      <Filter>소스 파일\02. Object\BackGround</Filter>
    </ClInclude>
    <ClInclude Include="MathManager.h">
      <Filter>소스 파일\99. Manager\MathManager</Filter>
    </ClInclude>
    <ClInclude Include="ObjectPool.h">
      <Filter>소스 파일\98. Pattern\ObjectPool</Filter>
    </ClInclude>
    <ClInclude Include="Prototype.h">
      <Filter>소스 파일\98. Pattern\Prototype</Filter>
    </ClInclude>
    <ClInclude Include="Bridge.h">
      <Filter>소스 파일\98. Pattern\Bridge</Filter>
    </ClInclude>
    <ClInclude Include="BulletBridge.h">
      <Filter>소스 파일\02. Object\Bullet\BulletBridge</Filter>
    </ClInclude>
    <ClInclude Include="NormalBullet.h">
      <Filter>소스 파일\02. Object\Bullet\BulletBridge\NormalBullet</Filter>
    </ClInclude>
    <ClInclude Include="TwinBullet.h">
      <Filter>소스 파일\02. Object\Bullet\BulletBridge\TwinBullet</Filter>
    </ClInclude>
    <ClInclude Include="StageUI.h">
      <Filter>소스 파일\01. Scene\StageUI</Filter>
    </ClInclude>
    <ClInclude Include="Manual.h">
      <Filter>소스 파일\01. Scene\Manual</Filter>
    </ClInclude>
    <ClInclude Include="EnemyBullet.h">
      <Filter>소스 파일\02. Object\EnemyBullet</Filter>
    </ClInclude>
  </ItemGroup>
</Project>